{
  "originHash" : "fe74f9e4a3a9ec6fb219308da547a36fe828e569d18c51bf7f7cfe76ef58ba07",
  "pins" : [
    {
      "identity" : "openimmersivelib",
      "kind" : "remoteSourceControl",
      "location" : "https://github.com/acuteimmersive/openimmersivelib",
      "state" : {
        "revision" : "c801cdf58e468ea580466cd8ddfab300df7d423a",
        "version" : "1.6.0"
      }
    }
  ],
  "version" : 3
}
